
Microsoft Visual Studio Solution File, Format Version 12.00
# Visual Studio Version 16
VisualStudioVersion = 16.0.32106.194
MinimumVisualStudioVersion = 10.0.40219.1
Project("{FAE04EC0-301F-11D3-BF4B-00C04F79EFBC}") = "OrderStores.Domain", "OrderStores.Domain\OrderStores.Domain.csproj", "{D07BCB50-9D68-4F16-897E-8D7562AA1CA4}"
EndProject
Global
	GlobalSection(SolutionConfigurationPlatforms) = preSolution
		Debug|Any CPU = Debug|Any CPU
		Release|Any CPU = Release|Any CPU
	EndGlobalSection
	GlobalSection(ProjectConfigurationPlatforms) = postSolution
		{D07BCB50-9D68-4F16-897E-8D7562AA1CA4}.Debug|Any CPU.ActiveCfg = Debug|Any CPU
		{D07BCB50-9D68-4F16-897E-8D7562AA1CA4}.Debug|Any CPU.Build.0 = Debug|Any CPU
		{D07BCB50-9D68-4F16-897E-8D7562AA1CA4}.Release|Any CPU.ActiveCfg = Release|Any CPU
		{D07BCB50-9D68-4F16-897E-8D7562AA1CA4}.Release|Any CPU.Build.0 = Release|Any CPU
	EndGlobalSection
	GlobalSection(SolutionProperties) = preSolution
		HideSolutionNode = FALSE
	EndGlobalSection
	GlobalSection(ExtensibilityGlobals) = postSolution
		SolutionGuid = {F5BEE3AB-2C9E-42AE-85A2-56E1ACAA986D}
	EndGlobalSection
EndGlobal
